Microsoft Visual Studio Solution File, Format Version 12.00
# Visual Studio Version 17
VisualStudioVersion = 17.5.2.0
MinimumVisualStudioVersion = 10.0.40219.1
Project("{FAE04EC0-301F-11D3-BF4B-00C04F79EFBC}") = "proyeto4", "proyeto4\proyeto4.csproj", "{DB3047F6-56FA-E574-9827-6B0891F1E69F}"
EndProject
Global
	GlobalSection(SolutionConfigurationPlatforms) = preSolution
		Debug|Any CPU = Debug|Any CPU
		Release|Any CPU = Release|Any CPU
	EndGlobalSection
	GlobalSection(ProjectConfigurationPlatforms) = postSolution
		{DB3047F6-56FA-E574-9827-6B0891F1E69F}.Debug|Any CPU.ActiveCfg = Debug|Any CPU
		{DB3047F6-56FA-E574-9827-6B0891F1E69F}.Debug|Any CPU.Build.0 = Debug|Any CPU
		{DB3047F6-56FA-E574-9827-6B0891F1E69F}.Release|Any CPU.ActiveCfg = Release|Any CPU
		{DB3047F6-56FA-E574-9827-6B0891F1E69F}.Release|Any CPU.Build.0 = Release|Any CPU
	EndGlobalSection
	GlobalSection(SolutionProperties) = preSolution
		HideSolutionNode = FALSE
	EndGlobalSection
	GlobalSection(ExtensibilityGlobals) = postSolution
		SolutionGuid = {083D6769-9460-4A7C-B239-FAEFC6548AB2}
	EndGlobalSection
EndGlobal
